// !$*UTF8*$!
{
	archiveVersion = 1;
	classes = {
	};
	objectVersion = 56;
	objects = {

/* Begin PBXBuildFile section */
		7BF2E7802BB48A1D00E83EC1 /* AppDelegate.swift in Sources */ = {isa = PBXBuildFile; fileRef = 7BF2E77F2BB48A1D00E83EC1 /* AppDelegate.swift */; };
		7BF2E7822BB48A1D00E83EC1 /* SceneDelegate.swift in Sources */ = {isa = PBXBuildFile; fileRef = 7BF2E7812BB48A1D00E83EC1 /* SceneDelegate.swift */; };
		7BF2E7842BB48A1D00E83EC1 /* ViewController.swift in Sources */ = {isa = PBXBuildFile; fileRef = 7BF2E7832BB48A1D00E83EC1 /* ViewController.swift */; };
		7BF2E7872BB48A1D00E83EC1 /* Base in Resources */ = {isa = PBXBuildFile; fileRef = 7BF2E7862BB48A1D00E83EC1 /* Base */; };
		7BF2E7892BB48A1E00E83EC1 /* Assets.xcassets in Resources */ = {isa = PBXBuildFile; fileRef = 7BF2E7882BB48A1E00E83EC1 /* Assets.xcassets */; };
		7BF2E78C2BB48A1E00E83EC1 /* Base in Resources */ = {isa = PBXBuildFile; fileRef = 7BF2E78B2BB48A1E00E83EC1 /* Base */; };
		7BF2E7B02BB48AC900E83EC1 /* NormerViewController.swift in Sources */ = {isa = PBXBuildFile; fileRef = 7BF2E7AF2BB48AC900E83EC1 /* NormerViewController.swift */; };
		7BF2E7B32BB48B1F00E83EC1 /* RxCocoa in Frameworks */ = {isa = PBXBuildFile; productRef = 7BF2E7B22BB48B1F00E83EC1 /* RxCocoa */; };
		7BF2E7B52BB48B1F00E83EC1 /* RxRelay in Frameworks */ = {isa = PBXBuildFile; productRef = 7BF2E7B42BB48B1F00E83EC1 /* RxRelay */; };
		7BF2E7B72BB48B1F00E83EC1 /* RxSwift in Frameworks */ = {isa = PBXBuildFile; productRef = 7BF2E7B62BB48B1F00E83EC1 /* RxSwift */; };
		7BF2E7BA2BB48B2C00E83EC1 /* SnapKit in Frameworks */ = {isa = PBXBuildFile; productRef = 7BF2E7B92BB48B2C00E83EC1 /* SnapKit */; };
		7BF2E7BD2BB48B3A00E83EC1 /* Kingfisher in Frameworks */ = {isa = PBXBuildFile; productRef = 7BF2E7BC2BB48B3A00E83EC1 /* Kingfisher */; };
		7BF2E7C02BB48C9500E83EC1 /* Item.swift in Sources */ = {isa = PBXBuildFile; fileRef = 7BF2E7BF2BB48C9500E83EC1 /* Item.swift */; };
		7BF2E7C22BB48D0500E83EC1 /* BannerCollectionViewCell.swift in Sources */ = {isa = PBXBuildFile; fileRef = 7BF2E7C12BB48D0500E83EC1 /* BannerCollectionViewCell.swift */; };
		7BF2E7C42BB48D3000E83EC1 /* Extention.swift in Sources */ = {isa = PBXBuildFile; fileRef = 7BF2E7C32BB48D3000E83EC1 /* Extention.swift */; };
		7BF2E7C72BB48E1600E83EC1 /* Then in Frameworks */ = {isa = PBXBuildFile; productRef = 7BF2E7C62BB48E1600E83EC1 /* Then */; };
/* End PBXBuildFile section */

/* Begin PBXContainerItemProxy section */
		7BF2E7932BB48A1E00E83EC1 /* PBXContainerItemProxy */ = {
			isa = PBXContainerItemProxy;
			containerPortal = 7BF2E7742BB48A1D00E83EC1 /* Project object */;
			proxyType = 1;
			remoteGlobalIDString = 7BF2E77B2BB48A1D00E83EC1;
			remoteInfo = MordenCollectionViewPractics;
		};
		7BF2E79D2BB48A1E00E83EC1 /* PBXContainerItemProxy */ = {
			isa = PBXContainerItemProxy;
			containerPortal = 7BF2E7742BB48A1D00E83EC1 /* Project object */;
			proxyType = 1;
			remoteGlobalIDString = 7BF2E77B2BB48A1D00E83EC1;
			remoteInfo = MordenCollectionViewPractics;
		};
/* End PBXContainerItemProxy section */

/* Begin PBXFileReference section */
		7BF2E77C2BB48A1D00E83EC1 /* MordenCollectionViewPractics.app */ = {isa = PBXFileReference; explicitFileType = wrapper.application; includeInIndex = 0; path = MordenCollectionViewPractics.app; sourceTree = BUILT_PRODUCTS_DIR; };
		7BF2E77F2BB48A1D00E83EC1 /* AppDelegate.swift */ = {isa = PBXFileReference; lastKnownFileType = sourcecode.swift; path = AppDelegate.swift; sourceTree = "<group>"; };
		7BF2E7812BB48A1D00E83EC1 /* SceneDelegate.swift */ = {isa = PBXFileReference; lastKnownFileType = sourcecode.swift; path = SceneDelegate.swift; sourceTree = "<group>"; };
		7BF2E7832BB48A1D00E83EC1 /* ViewController.swift */ = {isa = PBXFileReference; lastKnownFileType = sourcecode.swift; path = ViewController.swift; sourceTree = "<group>"; };
		7BF2E7862BB48A1D00E83EC1 /* Base */ = {isa = PBXFileReference; lastKnownFileType = file.storyboard; name = Base; path = Base.lproj/Main.storyboard; sourceTree = "<group>"; };
		7BF2E7882BB48A1E00E83EC1 /* Assets.xcassets */ = {isa = PBXFileReference; lastKnownFileType = folder.assetcatalog; path = Assets.xcassets; sourceTree = "<group>"; };
		7BF2E78B2BB48A1E00E83EC1 /* Base */ = {isa = PBXFileReference; lastKnownFileType = file.storyboard; name = Base; path = Base.lproj/LaunchScreen.storyboard; sourceTree = "<group>"; };
		7BF2E78D2BB48A1E00E83EC1 /* Info.plist */ = {isa = PBXFileReference; lastKnownFileType = text.plist.xml; path = Info.plist; sourceTree = "<group>"; };
		7BF2E7922BB48A1E00E83EC1 /* MordenCollectionViewPracticsTests.xctest */ = {isa = PBXFileReference; explicitFileType = wrapper.cfbundle; includeInIndex = 0; path = MordenCollectionViewPracticsTests.xctest; sourceTree = BUILT_PRODUCTS_DIR; };
		7BF2E79C2BB48A1E00E83EC1 /* MordenCollectionViewPracticsUITests.xctest */ = {isa = PBXFileReference; explicitFileType = wrapper.cfbundle; includeInIndex = 0; path = MordenCollectionViewPracticsUITests.xctest; sourceTree = BUILT_PRODUCTS_DIR; };
		7BF2E7AF2BB48AC900E83EC1 /* NormerViewController.swift */ = {isa = PBXFileReference; lastKnownFileType = sourcecode.swift; path = NormerViewController.swift; sourceTree = "<group>"; };
		7BF2E7BF2BB48C9500E83EC1 /* Item.swift */ = {isa = PBXFileReference; lastKnownFileType = sourcecode.swift; path = Item.swift; sourceTree = "<group>"; };
		7BF2E7C12BB48D0500E83EC1 /* BannerCollectionViewCell.swift */ = {isa = PBXFileReference; lastKnownFileType = sourcecode.swift; path = BannerCollectionViewCell.swift; sourceTree = "<group>"; };
		7BF2E7C32BB48D3000E83EC1 /* Extention.swift */ = {isa = PBXFileReference; lastKnownFileType = sourcecode.swift; path = Extention.swift; sourceTree = "<group>"; };
/* End PBXFileReference section */

/* Begin PBXFrameworksBuildPhase section */
		7BF2E7792BB48A1D00E83EC1 /* Frameworks */ = {
			isa = PBXFrameworksBuildPhase;
			buildActionMask = 2147483647;
			files = (
				7BF2E7B72BB48B1F00E83EC1 /* RxSwift in Frameworks */,
				7BF2E7C72BB48E1600E83EC1 /* Then in Frameworks */,
				7BF2E7BA2BB48B2C00E83EC1 /* SnapKit in Frameworks */,
				7BF2E7B52BB48B1F00E83EC1 /* RxRelay in Frameworks */,
				7BF2E7B32BB48B1F00E83EC1 /* RxCocoa in Frameworks */,
				7BF2E7BD2BB48B3A00E83EC1 /* Kingfisher in Frameworks */,
			);
			runOnlyForDeploymentPostprocessing = 0;
		};
		7BF2E78F2BB48A1E00E83EC1 /* Frameworks */ = {
			isa = PBXFrameworksBuildPhase;
			buildActionMask = 2147483647;
			files = (
			);
			runOnlyForDeploymentPostprocessing = 0;
		};
		7BF2E7992BB48A1E00E83EC1 /* Frameworks */ = {
			isa = PBXFrameworksBuildPhase;
			buildActionMask = 2147483647;
			files = (
			);
			runOnlyForDeploymentPostprocessing = 0;
		};
/* End PBXFrameworksBuildPhase section */

/* Begin PBXGroup section */
		7BF2E7732BB48A1D00E83EC1 = {
			isa = PBXGroup;
			children = (
				7BF2E77E2BB48A1D00E83EC1 /* MordenCollectionViewPractics */,
				7BF2E77D2BB48A1D00E83EC1 /* Products */,
			);
			sourceTree = "<group>";
		};
		7BF2E77D2BB48A1D00E83EC1 /* Products */ = {
			isa = PBXGroup;
			children = (
				7BF2E77C2BB48A1D00E83EC1 /* MordenCollectionViewPractics.app */,
				7BF2E7922BB48A1E00E83EC1 /* MordenCollectionViewPracticsTests.xctest */,
				7BF2E79C2BB48A1E00E83EC1 /* MordenCollectionViewPracticsUITests.xctest */,
			);
			name = Products;
			sourceTree = "<group>";
		};
		7BF2E77E2BB48A1D00E83EC1 /* MordenCollectionViewPractics */ = {
			isa = PBXGroup;
			children = (
				7BF2E7BE2BB48C8500E83EC1 /* nolmal */,
				7BF2E77F2BB48A1D00E83EC1 /* AppDelegate.swift */,
				7BF2E7812BB48A1D00E83EC1 /* SceneDelegate.swift */,
				7BF2E7832BB48A1D00E83EC1 /* ViewController.swift */,
				7BF2E7852BB48A1D00E83EC1 /* Main.storyboard */,
				7BF2E7882BB48A1E00E83EC1 /* Assets.xcassets */,
				7BF2E78A2BB48A1E00E83EC1 /* LaunchScreen.storyboard */,
				7BF2E78D2BB48A1E00E83EC1 /* Info.plist */,
				7BF2E7AF2BB48AC900E83EC1 /* NormerViewController.swift */,
				7BF2E7C32BB48D3000E83EC1 /* Extention.swift */,
			);
			path = MordenCollectionViewPractics;
			sourceTree = "<group>";
		};
		7BF2E7BE2BB48C8500E83EC1 /* nolmal */ = {
			isa = PBXGroup;
			children = (
				7BF2E7BF2BB48C9500E83EC1 /* Item.swift */,
				7BF2E7C12BB48D0500E83EC1 /* BannerCollectionViewCell.swift */,
			);
			path = nolmal;
			sourceTree = "<group>";
		};
/* End PBXGroup section */

/* Begin PBXNativeTarget section */
		7BF2E77B2BB48A1D00E83EC1 /* MordenCollectionViewPractics */ = {
			isa = PBXNativeTarget;
			buildConfigurationList = 7BF2E7A62BB48A1E00E83EC1 /* Build configuration list for PBXNativeTarget "MordenCollectionViewPractics" */;
			buildPhases = (
				7BF2E7782BB48A1D00E83EC1 /* Sources */,
				7BF2E7792BB48A1D00E83EC1 /* Frameworks */,
				7BF2E77A2BB48A1D00E83EC1 /* Resources */,
			);
			buildRules = (
			);
			dependencies = (
			);
			name = MordenCollectionViewPractics;
			packageProductDependencies = (
				7BF2E7B22BB48B1F00E83EC1 /* RxCocoa */,
				7BF2E7B42BB48B1F00E83EC1 /* RxRelay */,
				7BF2E7B62BB48B1F00E83EC1 /* RxSwift */,
				7BF2E7B92BB48B2C00E83EC1 /* SnapKit */,
				7BF2E7BC2BB48B3A00E83EC1 /* Kingfisher */,
				7BF2E7C62BB48E1600E83EC1 /* Then */,
			);
			productName = MordenCollectionViewPractics;
			productReference = 7BF2E77C2BB48A1D00E83EC1 /* MordenCollectionViewPractics.app */;
			productType = "com.apple.product-type.application";
		};
		7BF2E7912BB48A1E00E83EC1 /* MordenCollectionViewPracticsTests */ = {
			isa = PBXNativeTarget;
			buildConfigurationList = 7BF2E7A92BB48A1E00E83EC1 /* Build configuration list for PBXNativeTarget "MordenCollectionViewPracticsTests" */;
			buildPhases = (
				7BF2E78E2BB48A1E00E83EC1 /* Sources */,
				7BF2E78F2BB48A1E00E83EC1 /* Frameworks */,
				7BF2E7902BB48A1E00E83EC1 /* Resources */,
			);
			buildRules = (
			);
			dependencies = (
				7BF2E7942BB48A1E00E83EC1 /* PBXTargetDependency */,
			);
			name = MordenCollectionViewPracticsTests;
			productName = MordenCollectionViewPracticsTests;
			productReference = 7BF2E7922BB48A1E00E83EC1 /* MordenCollectionViewPracticsTests.xctest */;
			productType = "com.apple.product-type.bundle.unit-test";
		};
		7BF2E79B2BB48A1E00E83EC1 /* MordenCollectionViewPracticsUITests */ = {
			isa = PBXNativeTarget;
			buildConfigurationList = 7BF2E7AC2BB48A1E00E83EC1 /* Build configuration list for PBXNativeTarget "MordenCollectionViewPracticsUITests" */;
			buildPhases = (
				7BF2E7982BB48A1E00E83EC1 /* Sources */,
				7BF2E7992BB48A1E00E83EC1 /* Frameworks */,
				7BF2E79A2BB48A1E00E83EC1 /* Resources */,
			);
			buildRules = (
			);
			dependencies = (
				7BF2E79E2BB48A1E00E83EC1 /* PBXTargetDependency */,
			);
			name = MordenCollectionViewPracticsUITests;
			productName = MordenCollectionViewPracticsUITests;
			productReference = 7BF2E79C2BB48A1E00E83EC1 /* MordenCollectionViewPracticsUITests.xctest */;
			productType = "com.apple.product-type.bundle.ui-testing";
		};
/* End PBXNativeTarget section */

/* Begin PBXProject section */
		7BF2E7742BB48A1D00E83EC1 /* Project object */ = {
			isa = PBXProject;
			attributes = {
				BuildIndependentTargetsInParallel = 1;
				LastSwiftUpdateCheck = 1530;
				LastUpgradeCheck = 1530;
				TargetAttributes = {
					7BF2E77B2BB48A1D00E83EC1 = {
						CreatedOnToolsVersion = 15.3;
					};
					7BF2E7912BB48A1E00E83EC1 = {
						CreatedOnToolsVersion = 15.3;
						TestTargetID = 7BF2E77B2BB48A1D00E83EC1;
					};
					7BF2E79B2BB48A1E00E83EC1 = {
						CreatedOnToolsVersion = 15.3;
						TestTargetID = 7BF2E77B2BB48A1D00E83EC1;
					};
				};
			};
			buildConfigurationList = 7BF2E7772BB48A1D00E83EC1 /* Build configuration list for PBXProject "MordenCollectionViewPractics" */;
			compatibilityVersion = "Xcode 14.0";
			developmentRegion = en;
			hasScannedForEncodings = 0;
			knownRegions = (
				en,
				Base,
			);
			mainGroup = 7BF2E7732BB48A1D00E83EC1;
			packageReferences = (
				7BF2E7B12BB48B1F00E83EC1 /* XCRemoteSwiftPackageReference "RxSwift" */,
				7BF2E7B82BB48B2C00E83EC1 /* XCRemoteSwiftPackageReference "SnapKit" */,
				7BF2E7BB2BB48B3A00E83EC1 /* XCRemoteSwiftPackageReference "Kingfisher" */,
				7BF2E7C52BB48E1600E83EC1 /* XCRemoteSwiftPackageReference "Then" */,
			);
			productRefGroup = 7BF2E77D2BB48A1D00E83EC1 /* Products */;
			projectDirPath = "";
			projectRoot = "";
			targets = (
				7BF2E77B2BB48A1D00E83EC1 /* MordenCollectionViewPractics */,
				7BF2E7912BB48A1E00E83EC1 /* MordenCollectionViewPracticsTests */,
				7BF2E79B2BB48A1E00E83EC1 /* MordenCollectionViewPracticsUITests */,
			);
		};
/* End PBXProject section */

/* Begin PBXResourcesBuildPhase section */
		7BF2E77A2BB48A1D00E83EC1 /* Resources */ = {
			isa = PBXResourcesBuildPhase;
			buildActionMask = 2147483647;
			files = (
				7BF2E7892BB48A1E00E83EC1 /* Assets.xcassets in Resources */,
				7BF2E78C2BB48A1E00E83EC1 /* Base in Resources */,
				7BF2E7872BB48A1D00E83EC1 /* Base in Resources */,
			);
			runOnlyForDeploymentPostprocessing = 0;
		};
		7BF2E7902BB48A1E00E83EC1 /* Resources */ = {
			isa = PBXResourcesBuildPhase;
			buildActionMask = 2147483647;
			files = (
			);
			runOnlyForDeploymentPostprocessing = 0;
		};
		7BF2E79A2BB48A1E00E83EC1 /* Resources */ = {
			isa = PBXResourcesBuildPhase;
			buildActionMask = 2147483647;
			files = (
			);
			runOnlyForDeploymentPostprocessing = 0;
		};
/* End PBXResourcesBuildPhase section */

/* Begin PBXSourcesBuildPhase section */
		7BF2E7782BB48A1D00E83EC1 /* Sources */ = {
			isa = PBXSourcesBuildPhase;
			buildActionMask = 2147483647;
			files = (
				7BF2E7C02BB48C9500E83EC1 /* Item.swift in Sources */,
				7BF2E7842BB48A1D00E83EC1 /* ViewController.swift in Sources */,
				7BF2E7802BB48A1D00E83EC1 /* AppDelegate.swift in Sources */,
				7BF2E7822BB48A1D00E83EC1 /* SceneDelegate.swift in Sources */,
				7BF2E7B02BB48AC900E83EC1 /* NormerViewController.swift in Sources */,
				7BF2E7C22BB48D0500E83EC1 /* BannerCollectionViewCell.swift in Sources */,
				7BF2E7C42BB48D3000E83EC1 /* Extention.swift in Sources */,
			);
			runOnlyForDeploymentPostprocessing = 0;
		};
		7BF2E78E2BB48A1E00E83EC1 /* Sources */ = {
			isa = PBXSourcesBuildPhase;
			buildActionMask = 2147483647;
			files = (
			);
			runOnlyForDeploymentPostprocessing = 0;
		};
		7BF2E7982BB48A1E00E83EC1 /* Sources */ = {
			isa = PBXSourcesBuildPhase;
			buildActionMask = 2147483647;
			files = (
			);
			runOnlyForDeploymentPostprocessing = 0;
		};
/* End PBXSourcesBuildPhase section */

/* Begin PBXTargetDependency section */
		7BF2E7942BB48A1E00E83EC1 /* PBXTargetDependency */ = {
			isa = PBXTargetDependency;
			target = 7BF2E77B2BB48A1D00E83EC1 /* MordenCollectionViewPractics */;
			targetProxy = 7BF2E7932BB48A1E00E83EC1 /* PBXContainerItemProxy */;
		};
		7BF2E79E2BB48A1E00E83EC1 /* PBXTargetDependency */ = {
			isa = PBXTargetDependency;
			target = 7BF2E77B2BB48A1D00E83EC1 /* MordenCollectionViewPractics */;
			targetProxy = 7BF2E79D2BB48A1E00E83EC1 /* PBXContainerItemProxy */;
		};
/* End PBXTargetDependency section */

/* Begin PBXVariantGroup section */
		7BF2E7852BB48A1D00E83EC1 /* Main.storyboard */ = {
			isa = PBXVariantGroup;
			children = (
				7BF2E7862BB48A1D00E83EC1 /* Base */,
			);
			name = Main.storyboard;
			sourceTree = "<group>";
		};
		7BF2E78A2BB48A1E00E83EC1 /* LaunchScreen.storyboard */ = {
			isa = PBXVariantGroup;
			children = (
				7BF2E78B2BB48A1E00E83EC1 /* Base */,
			);
			name = LaunchScreen.storyboard;
			sourceTree = "<group>";
		};
/* End PBXVariantGroup section */

/* Begin XCBuildConfiguration section */
		7BF2E7A42BB48A1E00E83EC1 /* Debug */ = {
			isa = XCBuildConfiguration;
			buildSettings = {
				ALWAYS_SEARCH_USER_PATHS = NO;
				ASSETCATALOG_COMPILER_GENERATE_SWIFT_ASSET_SYMBOL_EXTENSIONS = YES;
				CLANG_ANALYZER_NONNULL = YES;
				CLANG_ANALYZER_NUMBER_OBJECT_CONVERSION = YES_AGGRESSIVE;
				CLANG_CXX_LANGUAGE_STANDARD = "gnu++20";
				CLANG_ENABLE_MODULES = YES;
				CLANG_ENABLE_OBJC_ARC = YES;
				CLANG_ENABLE_OBJC_WEAK = YES;
				CLANG_WARN_BLOCK_CAPTURE_AUTORELEASING = YES;
				CLANG_WARN_BOOL_CONVERSION = YES;
				CLANG_WARN_COMMA = YES;
				CLANG_WARN_CONSTANT_CONVERSION = YES;
				CLANG_WARN_DEPRECATED_OBJC_IMPLEMENTATIONS = YES;
				CLANG_WARN_DIRECT_OBJC_ISA_USAGE = YES_ERROR;
				CLANG_WARN_DOCUMENTATION_COMMENTS = YES;
				CLANG_WARN_EMPTY_BODY = YES;
				CLANG_WARN_ENUM_CONVERSION = YES;
				CLANG_WARN_INFINITE_RECURSION = YES;
				CLANG_WARN_INT_CONVERSION = YES;
				CLANG_WARN_NON_LITERAL_NULL_CONVERSION = YES;
				CLANG_WARN_OBJC_IMPLICIT_RETAIN_SELF = YES;
				CLANG_WARN_OBJC_LITERAL_CONVERSION = YES;
				CLANG_WARN_OBJC_ROOT_CLASS = YES_ERROR;
				CLANG_WARN_QUOTED_INCLUDE_IN_FRAMEWORK_HEADER = YES;
				CLANG_WARN_RANGE_LOOP_ANALYSIS = YES;
				CLANG_WARN_STRICT_PROTOTYPES = YES;
				CLANG_WARN_SUSPICIOUS_MOVE = YES;
				CLANG_WARN_UNGUARDED_AVAILABILITY = YES_AGGRESSIVE;
				CLANG_WARN_UNREACHABLE_CODE = YES;
				CLANG_WARN__DUPLICATE_METHOD_MATCH = YES;
				COPY_PHASE_STRIP = NO;
				DEBUG_INFORMATION_FORMAT = dwarf;
				ENABLE_STRICT_OBJC_MSGSEND = YES;
				ENABLE_TESTABILITY = YES;
				ENABLE_USER_SCRIPT_SANDBOXING = YES;
				GCC_C_LANGUAGE_STANDARD = gnu17;
				GCC_DYNAMIC_NO_PIC = NO;
				GCC_NO_COMMON_BLOCKS = YES;
				GCC_OPTIMIZATION_LEVEL = 0;
				GCC_PREPROCESSOR_DEFINITIONS = (
					"DEBUG=1",
					"$(inherited)",
				);
				GCC_WARN_64_TO_32_BIT_CONVERSION = YES;
				GCC_WARN_ABOUT_RETURN_TYPE = YES_ERROR;
				GCC_WARN_UNDECLARED_SELECTOR = YES;
				GCC_WARN_UNINITIALIZED_AUTOS = YES_AGGRESSIVE;
				GCC_WARN_UNUSED_FUNCTION = YES;
				GCC_WARN_UNUSED_VARIABLE = YES;
				IPHONEOS_DEPLOYMENT_TARGET = 17.4;
				LOCALIZATION_PREFERS_STRING_CATALOGS = YES;
				MTL_ENABLE_DEBUG_INFO = INCLUDE_SOURCE;
				MTL_FAST_MATH = YES;
				ONLY_ACTIVE_ARCH = YES;
				SDKROOT = iphoneos;
				SWIFT_ACTIVE_COMPILATION_CONDITIONS = "DEBUG $(inherited)";
				SWIFT_OPTIMIZATION_LEVEL = "-Onone";
			};
			name = Debug;
		};
		7BF2E7A52BB48A1E00E83EC1 /* Release */ = {
			isa = XCBuildConfiguration;
			buildSettings = {
				ALWAYS_SEARCH_USER_PATHS = NO;
				ASSETCATALOG_COMPILER_GENERATE_SWIFT_ASSET_SYMBOL_EXTENSIONS = YES;
				CLANG_ANALYZER_NONNULL = YES;
				CLANG_ANALYZER_NUMBER_OBJECT_CONVERSION = YES_AGGRESSIVE;
				CLANG_CXX_LANGUAGE_STANDARD = "gnu++20";
				CLANG_ENABLE_MODULES = YES;
				CLANG_ENABLE_OBJC_ARC = YES;
				CLANG_ENABLE_OBJC_WEAK = YES;
				CLANG_WARN_BLOCK_CAPTURE_AUTORELEASING = YES;
				CLANG_WARN_BOOL_CONVERSION = YES;
				CLANG_WARN_COMMA = YES;
				CLANG_WARN_CONSTANT_CONVERSION = YES;
				CLANG_WARN_DEPRECATED_OBJC_IMPLEMENTATIONS = YES;
				CLANG_WARN_DIRECT_OBJC_ISA_USAGE = YES_ERROR;
				CLANG_WARN_DOCUMENTATION_COMMENTS = YES;
				CLANG_WARN_EMPTY_BODY = YES;
				CLANG_WARN_ENUM_CONVERSION = YES;
				CLANG_WARN_INFINITE_RECURSION = YES;
				CLANG_WARN_INT_CONVERSION = YES;
				CLANG_WARN_NON_LITERAL_NULL_CONVERSION = YES;
				CLANG_WARN_OBJC_IMPLICIT_RETAIN_SELF = YES;
				CLANG_WARN_OBJC_LITERAL_CONVERSION = YES;
				CLANG_WARN_OBJC_ROOT_CLASS = YES_ERROR;
				CLANG_WARN_QUOTED_INCLUDE_IN_FRAMEWORK_HEADER = YES;
				CLANG_WARN_RANGE_LOOP_ANALYSIS = YES;
				CLANG_WARN_STRICT_PROTOTYPES = YES;
				CLANG_WARN_SUSPICIOUS_MOVE = YES;
				CLANG_WARN_UNGUARDED_AVAILABILITY = YES_AGGRESSIVE;
				CLANG_WARN_UNREACHABLE_CODE = YES;
				CLANG_WARN__DUPLICATE_METHOD_MATCH = YES;
				COPY_PHASE_STRIP = NO;
				DEBUG_INFORMATION_FORMAT = "dwarf-with-dsym";
				ENABLE_NS_ASSERTIONS = NO;
				ENABLE_STRICT_OBJC_MSGSEND = YES;
				ENABLE_USER_SCRIPT_SANDBOXING = YES;
				GCC_C_LANGUAGE_STANDARD = gnu17;
				GCC_NO_COMMON_BLOCKS = YES;
				GCC_WARN_64_TO_32_BIT_CONVERSION = YES;
				GCC_WARN_ABOUT_RETURN_TYPE = YES_ERROR;
				GCC_WARN_UNDECLARED_SELECTOR = YES;
				GCC_WARN_UNINITIALIZED_AUTOS = YES_AGGRESSIVE;
				GCC_WARN_UNUSED_FUNCTION = YES;
				GCC_WARN_UNUSED_VARIABLE = YES;
				IPHONEOS_DEPLOYMENT_TARGET = 17.4;
				LOCALIZATION_PREFERS_STRING_CATALOGS = YES;
				MTL_ENABLE_DEBUG_INFO = NO;
				MTL_FAST_MATH = YES;
				SDKROOT = iphoneos;
				SWIFT_COMPILATION_MODE = wholemodule;
				VALIDATE_PRODUCT = YES;
			};
			name = Release;
		};
		7BF2E7A72BB48A1E00E83EC1 /* Debug */ = {
			isa = XCBuildConfiguration;
			buildSettings = {
				ASSETCATALOG_COMPILER_APPICON_NAME = AppIcon;
				ASSETCATALOG_COMPILER_GLOBAL_ACCENT_COLOR_NAME = AccentColor;
				CODE_SIGN_STYLE = Automatic;
				CURRENT_PROJECT_VERSION = 1;
				DEVELOPMENT_TEAM = H25F4B7J4U;
				GENERATE_INFOPLIST_FILE = YES;
				INFOPLIST_FILE = MordenCollectionViewPractics/Info.plist;
				INFOPLIST_KEY_UIApplicationSupportsIndirectInputEvents = YES;
				INFOPLIST_KEY_UILaunchStoryboardName = LaunchScreen;
				INFOPLIST_KEY_UIMainStoryboardFile = Main;
				INFOPLIST_KEY_UISupportedInterfaceOrientations_iPad = "UIInterfaceOrientationPortrait UIInterfaceOrientationPortraitUpsideDown UIInterfaceOrientationLandscapeLeft UIInterfaceOrientationLandscapeRight";
				INFOPLIST_KEY_UISupportedInterfaceOrientations_iPhone = "UIInterfaceOrientationPortrait UIInterfaceOrientationLandscapeLeft UIInterfaceOrientationLandscapeRight";
				LD_RUNPATH_SEARCH_PATHS = (
					"$(inherited)",
					"@executable_path/Frameworks",
				);
				MARKETING_VERSION = 1.0;
				PRODUCT_BUNDLE_IDENTIFIER = com.SilverGun.MordenCollectionViewPractics;
				PRODUCT_NAME = "$(TARGET_NAME)";
				SUPPORTED_PLATFORMS = "iphoneos iphonesimulator";
				SUPPORTS_MACCATALYST = NO;
				SUPPORTS_MAC_DESIGNED_FOR_IPHONE_IPAD = NO;
				SUPPORTS_XR_DESIGNED_FOR_IPHONE_IPAD = NO;
				SWIFT_EMIT_LOC_STRINGS = YES;
				SWIFT_VERSION = 5.0;
				TARGETED_DEVICE_FAMILY = 1;
			};
			name = Debug;
		};
		7BF2E7A82BB48A1E00E83EC1 /* Release */ = {
			isa = XCBuildConfiguration;
			buildSettings = {
				ASSETCATALOG_COMPILER_APPICON_NAME = AppIcon;
				ASSETCATALOG_COMPILER_GLOBAL_ACCENT_COLOR_NAME = AccentColor;
				CODE_SIGN_STYLE = Automatic;
				CURRENT_PROJECT_VERSION = 1;
				DEVELOPMENT_TEAM = H25F4B7J4U;
				GENERATE_INFOPLIST_FILE = YES;
				INFOPLIST_FILE = MordenCollectionViewPractics/Info.plist;
				INFOPLIST_KEY_UIApplicationSupportsIndirectInputEvents = YES;
				INFOPLIST_KEY_UILaunchStoryboardName = LaunchScreen;
				INFOPLIST_KEY_UIMainStoryboardFile = Main;
				INFOPLIST_KEY_UISupportedInterfaceOrientations_iPad = "UIInterfaceOrientationPortrait UIInterfaceOrientationPortraitUpsideDown UIInterfaceOrientationLandscapeLeft UIInterfaceOrientationLandscapeRight";
				INFOPLIST_KEY_UISupportedInterfaceOrientations_iPhone = "UIInterfaceOrientationPortrait UIInterfaceOrientationLandscapeLeft UIInterfaceOrientationLandscapeRight";
				LD_RUNPATH_SEARCH_PATHS = (
					"$(inherited)",
					"@executable_path/Frameworks",
				);
				MARKETING_VERSION = 1.0;
				PRODUCT_BUNDLE_IDENTIFIER = com.SilverGun.MordenCollectionViewPractics;
				PRODUCT_NAME = "$(TARGET_NAME)";
				SUPPORTED_PLATFORMS = "iphoneos iphonesimulator";
				SUPPORTS_MACCATALYST = NO;
				SUPPORTS_MAC_DESIGNED_FOR_IPHONE_IPAD = NO;
				SUPPORTS_XR_DESIGNED_FOR_IPHONE_IPAD = NO;
				SWIFT_EMIT_LOC_STRINGS = YES;
				SWIFT_VERSION = 5.0;
				TARGETED_DEVICE_FAMILY = 1;
			};
			name = Release;
		};
		7BF2E7AA2BB48A1E00E83EC1 /* Debug */ = {
			isa = XCBuildConfiguration;
			buildSettings = {
				ALWAYS_EMBED_SWIFT_STANDARD_LIBRARIES = YES;
				BUNDLE_LOADER = "$(TEST_HOST)";
				CODE_SIGN_STYLE = Automatic;
				CURRENT_PROJECT_VERSION = 1;
				DEVELOPMENT_TEAM = H25F4B7J4U;
				GENERATE_INFOPLIST_FILE = YES;
				IPHONEOS_DEPLOYMENT_TARGET = 17.4;
				MARKETING_VERSION = 1.0;
				PRODUCT_BUNDLE_IDENTIFIER = com.SilverGun.MordenCollectionViewPracticsTests;
				PRODUCT_NAME = "$(TARGET_NAME)";
				SWIFT_EMIT_LOC_STRINGS = NO;
				SWIFT_VERSION = 5.0;
				TARGETED_DEVICE_FAMILY = "1,2";
				TEST_HOST = "$(BUILT_PRODUCTS_DIR)/MordenCollectionViewPractics.app/$(BUNDLE_EXECUTABLE_FOLDER_PATH)/MordenCollectionViewPractics";
			};
			name = Debug;
		};
		7BF2E7AB2BB48A1E00E83EC1 /* Release */ = {
			isa = XCBuildConfiguration;
			buildSettings = {
				ALWAYS_EMBED_SWIFT_STANDARD_LIBRARIES = YES;
				BUNDLE_LOADER = "$(TEST_HOST)";
				CODE_SIGN_STYLE = Automatic;
				CURRENT_PROJECT_VERSION = 1;
				DEVELOPMENT_TEAM = H25F4B7J4U;
				GENERATE_INFOPLIST_FILE = YES;
				IPHONEOS_DEPLOYMENT_TARGET = 17.4;
				MARKETING_VERSION = 1.0;
				PRODUCT_BUNDLE_IDENTIFIER = com.SilverGun.MordenCollectionViewPracticsTests;
				PRODUCT_NAME = "$(TARGET_NAME)";
				SWIFT_EMIT_LOC_STRINGS = NO;
				SWIFT_VERSION = 5.0;
				TARGETED_DEVICE_FAMILY = "1,2";
				TEST_HOST = "$(BUILT_PRODUCTS_DIR)/MordenCollectionViewPractics.app/$(BUNDLE_EXECUTABLE_FOLDER_PATH)/MordenCollectionViewPractics";
			};
			name = Release;
		};
		7BF2E7AD2BB48A1E00E83EC1 /* Debug */ = {
			isa = XCBuildConfiguration;
			buildSettings = {
				ALWAYS_EMBED_SWIFT_STANDARD_LIBRARIES = YES;
				CODE_SIGN_STYLE = Automatic;
				CURRENT_PROJECT_VERSION = 1;
				DEVELOPMENT_TEAM = H25F4B7J4U;
				GENERATE_INFOPLIST_FILE = YES;
				MARKETING_VERSION = 1.0;
				PRODUCT_BUNDLE_IDENTIFIER = com.SilverGun.MordenCollectionViewPracticsUITests;
				PRODUCT_NAME = "$(TARGET_NAME)";
				SWIFT_EMIT_LOC_STRINGS = NO;
				SWIFT_VERSION = 5.0;
				TARGETED_DEVICE_FAMILY = "1,2";
				TEST_TARGET_NAME = MordenCollectionViewPractics;
			};
			name = Debug;
		};
		7BF2E7AE2BB48A1E00E83EC1 /* Release */ = {
			isa = XCBuildConfiguration;
			buildSettings = {
				ALWAYS_EMBED_SWIFT_STANDARD_LIBRARIES = YES;
				CODE_SIGN_STYLE = Automatic;
				CURRENT_PROJECT_VERSION = 1;
				DEVELOPMENT_TEAM = H25F4B7J4U;
				GENERATE_INFOPLIST_FILE = YES;
				MARKETING_VERSION = 1.0;
				PRODUCT_BUNDLE_IDENTIFIER = com.SilverGun.MordenCollectionViewPracticsUITests;
				PRODUCT_NAME = "$(TARGET_NAME)";
				SWIFT_EMIT_LOC_STRINGS = NO;
				SWIFT_VERSION = 5.0;
				TARGETED_DEVICE_FAMILY = "1,2";
				TEST_TARGET_NAME = MordenCollectionViewPractics;
			};
			name = Release;
		};
/* End XCBuildConfiguration section */

/* Begin XCConfigurationList section */
		7BF2E7772BB48A1D00E83EC1 /* Build configuration list for PBXProject "MordenCollectionViewPractics" */ = {
			isa = XCConfigurationList;
			buildConfigurations = (
				7BF2E7A42BB48A1E00E83EC1 /* Debug */,
				7BF2E7A52BB48A1E00E83EC1 /* Release */,
			);
			defaultConfigurationIsVisible = 0;
			defaultConfigurationName = Release;
		};
		7BF2E7A62BB48A1E00E83EC1 /* Build configuration list for PBXNativeTarget "MordenCollectionViewPractics" */ = {
			isa = XCConfigurationList;
			buildConfigurations = (
				7BF2E7A72BB48A1E00E83EC1 /* Debug */,
				7BF2E7A82BB48A1E00E83EC1 /* Release */,
			);
			defaultConfigurationIsVisible = 0;
			defaultConfigurationName = Release;
		};
		7BF2E7A92BB48A1E00E83EC1 /* Build configuration list for PBXNativeTarget "MordenCollectionViewPracticsTests" */ = {
			isa = XCConfigurationList;
			buildConfigurations = (
				7BF2E7AA2BB48A1E00E83EC1 /* Debug */,
				7BF2E7AB2BB48A1E00E83EC1 /* Release */,
			);
			defaultConfigurationIsVisible = 0;
			defaultConfigurationName = Release;
		};
		7BF2E7AC2BB48A1E00E83EC1 /* Build configuration list for PBXNativeTarget "MordenCollectionViewPracticsUITests" */ = {
			isa = XCConfigurationList;
			buildConfigurations = (
				7BF2E7AD2BB48A1E00E83EC1 /* Debug */,
				7BF2E7AE2BB48A1E00E83EC1 /* Release */,
			);
			defaultConfigurationIsVisible = 0;
			defaultConfigurationName = Release;
		};
/* End XCConfigurationList section */

/* Begin XCRemoteSwiftPackageReference section */
		7BF2E7B12BB48B1F00E83EC1 /* XCRemoteSwiftPackageReference "RxSwift" */ = {
			isa = XCRemoteSwiftPackageReference;
			repositoryURL = "https://github.com/ReactiveX/RxSwift";
			requirement = {
				kind = upToNextMajorVersion;
				minimumVersion = 6.6.0;
			};
		};
		7BF2E7B82BB48B2C00E83EC1 /* XCRemoteSwiftPackageReference "SnapKit" */ = {
			isa = XCRemoteSwiftPackageReference;
			repositoryURL = "https://github.com/SnapKit/SnapKit.git";
			requirement = {
				kind = upToNextMajorVersion;
				minimumVersion = 5.7.1;
			};
		};
		7BF2E7BB2BB48B3A00E83EC1 /* XCRemoteSwiftPackageReference "Kingfisher" */ = {
			isa = XCRemoteSwiftPackageReference;
			repositoryURL = "https://github.com/onevcat/Kingfisher.git";
			requirement = {
				kind = upToNextMajorVersion;
				minimumVersion = 7.11.0;
			};
		};
		7BF2E7C52BB48E1600E83EC1 /* XCRemoteSwiftPackageReference "Then" */ = {
			isa = XCRemoteSwiftPackageReference;
			repositoryURL = "https://github.com/devxoul/Then";
			requirement = {
				kind = upToNextMajorVersion;
				minimumVersion = 3.0.0;
			};
		};
/* End XCRemoteSwiftPackageReference section */

/* Begin XCSwiftPackageProductDependency section */
		7BF2E7B22BB48B1F00E83EC1 /* RxCocoa */ = {
			isa = XCSwiftPackageProductDependency;
			package = 7BF2E7B12BB48B1F00E83EC1 /* XCRemoteSwiftPackageReference "RxSwift" */;
			productName = RxCocoa;
		};
		7BF2E7B42BB48B1F00E83EC1 /* RxRelay */ = {
			isa = XCSwiftPackageProductDependency;
			package = 7BF2E7B12BB48B1F00E83EC1 /* XCRemoteSwiftPackageReference "RxSwift" */;
			productName = RxRelay;
		};
		7BF2E7B62BB48B1F00E83EC1 /* RxSwift */ = {
			isa = XCSwiftPackageProductDependency;
			package = 7BF2E7B12BB48B1F00E83EC1 /* XCRemoteSwiftPackageReference "RxSwift" */;
			productName = RxSwift;
		};
		7BF2E7B92BB48B2C00E83EC1 /* SnapKit */ = {
			isa = XCSwiftPackageProductDependency;
			package = 7BF2E7B82BB48B2C00E83EC1 /* XCRemoteSwiftPackageReference "SnapKit" */;
			productName = SnapKit;
		};
		7BF2E7BC2BB48B3A00E83EC1 /* Kingfisher */ = {
			isa = XCSwiftPackageProductDependency;
			package = 7BF2E7BB2BB48B3A00E83EC1 /* XCRemoteSwiftPackageReference "Kingfisher" */;
			productName = Kingfisher;
		};
		7BF2E7C62BB48E1600E83EC1 /* Then */ = {
			isa = XCSwiftPackageProductDependency;
			package = 7BF2E7C52BB48E1600E83EC1 /* XCRemoteSwiftPackageReference "Then" */;
			productName = Then;
		};
/* End XCSwiftPackageProductDependency section */
	};
	rootObject = 7BF2E7742BB48A1D00E83EC1 /* Project object */;
}
